{
  "requires": true,
  "lockfileVersion": 1,
  "dependencies": {
    "lodash": {
      "version": "4.17.19",
      "resolved": "https://registry.npmjs.org/lodash/-/lodash-4.17.19.tgz",
      "integrity": "sha512-JNvd8XER9GQX0v2qJgsaN/mzFCNA5BRe/j8JN9d+tWyGLSodKQHKFicdwNYzWwI3wjRnaKPsGj1XkBjx/F96DQ=="
    },
    "react-string-replace": {
      "version": "0.4.4",
      "resolved": "https://registry.npmjs.org/react-string-replace/-/react-string-replace-0.4.4.tgz",
      "integrity": "sha512-FAMkhxmDpCsGTwTZg7p/2v+/GTmxAp73so3fbSvlAcBBX36ujiGRNEaM/1u+jiYQrArhns+7eE92g2pi5E5FUA==",
      "requires": {
        "lodash": "^4.17.4"
      }
    }
  }
}
